
Microsoft Visual Studio Solution File, Format Version 12.00
# Visual Studio 15
VisualStudioVersion = 15.0.28010.2026
MinimumVisualStudioVersion = 10.0.40219.1
Project("{FAE04EC0-301F-11D3-BF4B-00C04F79EFBC}") = "MobileMovies.Android", "MobileMovies\MobileMovies.Android\MobileMovies.Android.csproj", "{A804118D-7E3A-46AA-B805-CC22AE9CD46F}"
EndProject
Project("{FAE04EC0-301F-11D3-BF4B-00C04F79EFBC}") = "MobileMovies.iOS", "MobileMovies\MobileMovies.iOS\MobileMovies.iOS.csproj", "{69BFDD5D-3DC1-49EA-8D3F-3C487CF7AC12}"
EndProject
Project("{FAE04EC0-301F-11D3-BF4B-00C04F79EFBC}") = "MobileMovies.UWP", "MobileMovies\MobileMovies.UWP\MobileMovies.UWP.csproj", "{B981E067-94FB-43B6-B746-255FB8EA1E39}"
EndProject
Project("{FAE04EC0-301F-11D3-BF4B-00C04F79EFBC}") = "MobileMovies", "MobileMovies\MobileMovies\MobileMovies.csproj", "{1F3773E9-DBD7-4B3A-A8F3-BD20556AB612}"
EndProject
Global
	GlobalSection(SolutionConfigurationPlatforms) = preSolution
		Ad-Hoc|Any CPU = Ad-Hoc|Any CPU
		Ad-Hoc|ARM = Ad-Hoc|ARM
		Ad-Hoc|iPhone = Ad-Hoc|iPhone
		Ad-Hoc|iPhoneSimulator = Ad-Hoc|iPhoneSimulator
		Ad-Hoc|x64 = Ad-Hoc|x64
		Ad-Hoc|x86 = Ad-Hoc|x86
		AppStore|Any CPU = AppStore|Any CPU
		AppStore|ARM = AppStore|ARM
		AppStore|iPhone = AppStore|iPhone
		AppStore|iPhoneSimulator = AppStore|iPhoneSimulator
		AppStore|x64 = AppStore|x64
		AppStore|x86 = AppStore|x86
		Debug|Any CPU = Debug|Any CPU
		Debug|ARM = Debug|ARM
		Debug|iPhone = Debug|iPhone
		Debug|iPhoneSimulator = Debug|iPhoneSimulator
		Debug|x64 = Debug|x64
		Debug|x86 = Debug|x86
		Release|Any CPU = Release|Any CPU
		Release|ARM = Release|ARM
		Release|iPhone = Release|iPhone
		Release|iPhoneSimulator = Release|iPhoneSimulator
		Release|x64 = Release|x64
		Release|x86 = Release|x86
	EndGlobalSection
	GlobalSection(ProjectConfigurationPlatforms) = postSolution
		{A804118D-7E3A-46AA-B805-CC22AE9CD46F}.Ad-Hoc|Any CPU.ActiveCfg = Release|Any CPU
		{A804118D-7E3A-46AA-B805-CC22AE9CD46F}.Ad-Hoc|Any CPU.Build.0 = Release|Any CPU
		{A804118D-7E3A-46AA-B805-CC22AE9CD46F}.Ad-Hoc|Any CPU.Deploy.0 = Release|Any CPU
		{A804118D-7E3A-46AA-B805-CC22AE9CD46F}.Ad-Hoc|ARM.ActiveCfg = Release|Any CPU
		{A804118D-7E3A-46AA-B805-CC22AE9CD46F}.Ad-Hoc|ARM.Build.0 = Release|Any CPU
		{A804118D-7E3A-46AA-B805-CC22AE9CD46F}.Ad-Hoc|ARM.Deploy.0 = Release|Any CPU
		{A804118D-7E3A-46AA-B805-CC22AE9CD46F}.Ad-Hoc|iPhone.ActiveCfg = Release|Any CPU
		{A804118D-7E3A-46AA-B805-CC22AE9CD46F}.Ad-Hoc|iPhone.Build.0 = Release|Any CPU
		{A804118D-7E3A-46AA-B805-CC22AE9CD46F}.Ad-Hoc|iPhone.Deploy.0 = Release|Any CPU
		{A804118D-7E3A-46AA-B805-CC22AE9CD46F}.Ad-Hoc|iPhoneSimulator.ActiveCfg = Release|Any CPU
		{A804118D-7E3A-46AA-B805-CC22AE9CD46F}.Ad-Hoc|iPhoneSimulator.Build.0 = Release|Any CPU
		{A804118D-7E3A-46AA-B805-CC22AE9CD46F}.Ad-Hoc|iPhoneSimulator.Deploy.0 = Release|Any CPU
		{A804118D-7E3A-46AA-B805-CC22AE9CD46F}.Ad-Hoc|x64.ActiveCfg = Release|Any CPU
		{A804118D-7E3A-46AA-B805-CC22AE9CD46F}.Ad-Hoc|x64.Build.0 = Release|Any CPU
		{A804118D-7E3A-46AA-B805-CC22AE9CD46F}.Ad-Hoc|x64.Deploy.0 = Release|Any CPU
		{A804118D-7E3A-46AA-B805-CC22AE9CD46F}.Ad-Hoc|x86.ActiveCfg = Release|Any CPU
		{A804118D-7E3A-46AA-B805-CC22AE9CD46F}.Ad-Hoc|x86.Build.0 = Release|Any CPU
		{A804118D-7E3A-46AA-B805-CC22AE9CD46F}.Ad-Hoc|x86.Deploy.0 = Release|Any CPU
		{A804118D-7E3A-46AA-B805-CC22AE9CD46F}.AppStore|Any CPU.ActiveCfg = Release|Any CPU
		{A804118D-7E3A-46AA-B805-CC22AE9CD46F}.AppStore|Any CPU.Build.0 = Release|Any CPU
		{A804118D-7E3A-46AA-B805-CC22AE9CD46F}.AppStore|Any CPU.Deploy.0 = Release|Any CPU
		{A804118D-7E3A-46AA-B805-CC22AE9CD46F}.AppStore|ARM.ActiveCfg = Release|Any CPU
		{A804118D-7E3A-46AA-B805-CC22AE9CD46F}.AppStore|ARM.Build.0 = Release|Any CPU
		{A804118D-7E3A-46AA-B805-CC22AE9CD46F}.AppStore|ARM.Deploy.0 = Release|Any CPU
		{A804118D-7E3A-46AA-B805-CC22AE9CD46F}.AppStore|iPhone.ActiveCfg = Release|Any CPU
		{A804118D-7E3A-46AA-B805-CC22AE9CD46F}.AppStore|iPhone.Build.0 = Release|Any CPU
		{A804118D-7E3A-46AA-B805-CC22AE9CD46F}.AppStore|iPhone.Deploy.0 = Release|Any CPU
		{A804118D-7E3A-46AA-B805-CC22AE9CD46F}.AppStore|iPhoneSimulator.ActiveCfg = Release|Any CPU
		{A804118D-7E3A-46AA-B805-CC22AE9CD46F}.AppStore|iPhoneSimulator.Build.0 = Release|Any CPU
		{A804118D-7E3A-46AA-B805-CC22AE9CD46F}.AppStore|iPhoneSimulator.Deploy.0 = Release|Any CPU
		{A804118D-7E3A-46AA-B805-CC22AE9CD46F}.AppStore|x64.ActiveCfg = Release|Any CPU
		{A804118D-7E3A-46AA-B805-CC22AE9CD46F}.AppStore|x64.Build.0 = Release|Any CPU
		{A804118D-7E3A-46AA-B805-CC22AE9CD46F}.AppStore|x64.Deploy.0 = Release|Any CPU
		{A804118D-7E3A-46AA-B805-CC22AE9CD46F}.AppStore|x86.ActiveCfg = Release|Any CPU
		{A804118D-7E3A-46AA-B805-CC22AE9CD46F}.AppStore|x86.Build.0 = Release|Any CPU
		{A804118D-7E3A-46AA-B805-CC22AE9CD46F}.AppStore|x86.Deploy.0 = Release|Any CPU
		{A804118D-7E3A-46AA-B805-CC22AE9CD46F}.Debug|Any CPU.ActiveCfg = Debug|Any CPU
		{A804118D-7E3A-46AA-B805-CC22AE9CD46F}.Debug|Any CPU.Build.0 = Debug|Any CPU
		{A804118D-7E3A-46AA-B805-CC22AE9CD46F}.Debug|Any CPU.Deploy.0 = Debug|Any CPU
		{A804118D-7E3A-46AA-B805-CC22AE9CD46F}.Debug|ARM.ActiveCfg = Debug|Any CPU
		{A804118D-7E3A-46AA-B805-CC22AE9CD46F}.Debug|ARM.Build.0 = Debug|Any CPU
		{A804118D-7E3A-46AA-B805-CC22AE9CD46F}.Debug|ARM.Deploy.0 = Debug|Any CPU
		{A804118D-7E3A-46AA-B805-CC22AE9CD46F}.Debug|iPhone.ActiveCfg = Debug|Any CPU
		{A804118D-7E3A-46AA-B805-CC22AE9CD46F}.Debug|iPhone.Build.0 = Debug|Any CPU
		{A804118D-7E3A-46AA-B805-CC22AE9CD46F}.Debug|iPhone.Deploy.0 = Debug|Any CPU
		{A804118D-7E3A-46AA-B805-CC22AE9CD46F}.Debug|iPhoneSimulator.ActiveCfg = Debug|Any CPU
		{A804118D-7E3A-46AA-B805-CC22AE9CD46F}.Debug|iPhoneSimulator.Build.0 = Debug|Any CPU
		{A804118D-7E3A-46AA-B805-CC22AE9CD46F}.Debug|iPhoneSimulator.Deploy.0 = Debug|Any CPU
		{A804118D-7E3A-46AA-B805-CC22AE9CD46F}.Debug|x64.ActiveCfg = Debug|Any CPU
		{A804118D-7E3A-46AA-B805-CC22AE9CD46F}.Debug|x64.Build.0 = Debug|Any CPU
		{A804118D-7E3A-46AA-B805-CC22AE9CD46F}.Debug|x64.Deploy.0 = Debug|Any CPU
		{A804118D-7E3A-46AA-B805-CC22AE9CD46F}.Debug|x86.ActiveCfg = Debug|Any CPU
		{A804118D-7E3A-46AA-B805-CC22AE9CD46F}.Debug|x86.Build.0 = Debug|Any CPU
		{A804118D-7E3A-46AA-B805-CC22AE9CD46F}.Debug|x86.Deploy.0 = Debug|Any CPU
		{A804118D-7E3A-46AA-B805-CC22AE9CD46F}.Release|Any CPU.ActiveCfg = Release|Any CPU
		{A804118D-7E3A-46AA-B805-CC22AE9CD46F}.Release|Any CPU.Build.0 = Release|Any CPU
		{A804118D-7E3A-46AA-B805-CC22AE9CD46F}.Release|Any CPU.Deploy.0 = Release|Any CPU
		{A804118D-7E3A-46AA-B805-CC22AE9CD46F}.Release|ARM.ActiveCfg = Release|Any CPU
		{A804118D-7E3A-46AA-B805-CC22AE9CD46F}.Release|ARM.Build.0 = Release|Any CPU
		{A804118D-7E3A-46AA-B805-CC22AE9CD46F}.Release|ARM.Deploy.0 = Release|Any CPU
		{A804118D-7E3A-46AA-B805-CC22AE9CD46F}.Release|iPhone.ActiveCfg = Release|Any CPU
		{A804118D-7E3A-46AA-B805-CC22AE9CD46F}.Release|iPhone.Build.0 = Release|Any CPU
		{A804118D-7E3A-46AA-B805-CC22AE9CD46F}.Release|iPhone.Deploy.0 = Release|Any CPU
		{A804118D-7E3A-46AA-B805-CC22AE9CD46F}.Release|iPhoneSimulator.ActiveCfg = Release|Any CPU
		{A804118D-7E3A-46AA-B805-CC22AE9CD46F}.Release|iPhoneSimulator.Build.0 = Release|Any CPU
		{A804118D-7E3A-46AA-B805-CC22AE9CD46F}.Release|iPhoneSimulator.Deploy.0 = Release|Any CPU
		{A804118D-7E3A-46AA-B805-CC22AE9CD46F}.Release|x64.ActiveCfg = Release|Any CPU
		{A804118D-7E3A-46AA-B805-CC22AE9CD46F}.Release|x64.Build.0 = Release|Any CPU
		{A804118D-7E3A-46AA-B805-CC22AE9CD46F}.Release|x64.Deploy.0 = Release|Any CPU
		{A804118D-7E3A-46AA-B805-CC22AE9CD46F}.Release|x86.ActiveCfg = Release|Any CPU
		{A804118D-7E3A-46AA-B805-CC22AE9CD46F}.Release|x86.Build.0 = Release|Any CPU
		{A804118D-7E3A-46AA-B805-CC22AE9CD46F}.Release|x86.Deploy.0 = Release|Any CPU
		{69BFDD5D-3DC1-49EA-8D3F-3C487CF7AC12}.Ad-Hoc|Any CPU.ActiveCfg = Ad-Hoc|iPhone
		{69BFDD5D-3DC1-49EA-8D3F-3C487CF7AC12}.Ad-Hoc|Any CPU.Build.0 = Ad-Hoc|iPhone
		{69BFDD5D-3DC1-49EA-8D3F-3C487CF7AC12}.Ad-Hoc|Any CPU.Deploy.0 = Ad-Hoc|iPhone
		{69BFDD5D-3DC1-49EA-8D3F-3C487CF7AC12}.Ad-Hoc|ARM.ActiveCfg = Ad-Hoc|iPhone
		{69BFDD5D-3DC1-49EA-8D3F-3C487CF7AC12}.Ad-Hoc|ARM.Build.0 = Ad-Hoc|iPhone
		{69BFDD5D-3DC1-49EA-8D3F-3C487CF7AC12}.Ad-Hoc|ARM.Deploy.0 = Ad-Hoc|iPhone
		{69BFDD5D-3DC1-49EA-8D3F-3C487CF7AC12}.Ad-Hoc|iPhone.ActiveCfg = Ad-Hoc|iPhone
		{69BFDD5D-3DC1-49EA-8D3F-3C487CF7AC12}.Ad-Hoc|iPhone.Build.0 = Ad-Hoc|iPhone
		{69BFDD5D-3DC1-49EA-8D3F-3C487CF7AC12}.Ad-Hoc|iPhone.Deploy.0 = Ad-Hoc|iPhone
		{69BFDD5D-3DC1-49EA-8D3F-3C487CF7AC12}.Ad-Hoc|iPhoneSimulator.ActiveCfg = Ad-Hoc|iPhoneSimulator
		{69BFDD5D-3DC1-49EA-8D3F-3C487CF7AC12}.Ad-Hoc|iPhoneSimulator.Build.0 = Ad-Hoc|iPhoneSimulator
		{69BFDD5D-3DC1-49EA-8D3F-3C487CF7AC12}.Ad-Hoc|iPhoneSimulator.Deploy.0 = Ad-Hoc|iPhoneSimulator
		{69BFDD5D-3DC1-49EA-8D3F-3C487CF7AC12}.Ad-Hoc|x64.ActiveCfg = Ad-Hoc|iPhone
		{69BFDD5D-3DC1-49EA-8D3F-3C487CF7AC12}.Ad-Hoc|x64.Build.0 = Ad-Hoc|iPhone
		{69BFDD5D-3DC1-49EA-8D3F-3C487CF7AC12}.Ad-Hoc|x64.Deploy.0 = Ad-Hoc|iPhone
		{69BFDD5D-3DC1-49EA-8D3F-3C487CF7AC12}.Ad-Hoc|x86.ActiveCfg = Ad-Hoc|iPhone
		{69BFDD5D-3DC1-49EA-8D3F-3C487CF7AC12}.Ad-Hoc|x86.Build.0 = Ad-Hoc|iPhone
		{69BFDD5D-3DC1-49EA-8D3F-3C487CF7AC12}.Ad-Hoc|x86.Deploy.0 = Ad-Hoc|iPhone
		{69BFDD5D-3DC1-49EA-8D3F-3C487CF7AC12}.AppStore|Any CPU.ActiveCfg = AppStore|iPhone
		{69BFDD5D-3DC1-49EA-8D3F-3C487CF7AC12}.AppStore|Any CPU.Build.0 = AppStore|iPhone
		{69BFDD5D-3DC1-49EA-8D3F-3C487CF7AC12}.AppStore|Any CPU.Deploy.0 = AppStore|iPhone
		{69BFDD5D-3DC1-49EA-8D3F-3C487CF7AC12}.AppStore|ARM.ActiveCfg = AppStore|iPhone
		{69BFDD5D-3DC1-49EA-8D3F-3C487CF7AC12}.AppStore|ARM.Build.0 = AppStore|iPhone
		{69BFDD5D-3DC1-49EA-8D3F-3C487CF7AC12}.AppStore|ARM.Deploy.0 = AppStore|iPhone
		{69BFDD5D-3DC1-49EA-8D3F-3C487CF7AC12}.AppStore|iPhone.ActiveCfg = AppStore|iPhone
		{69BFDD5D-3DC1-49EA-8D3F-3C487CF7AC12}.AppStore|iPhone.Build.0 = AppStore|iPhone
		{69BFDD5D-3DC1-49EA-8D3F-3C487CF7AC12}.AppStore|iPhone.Deploy.0 = AppStore|iPhone
		{69BFDD5D-3DC1-49EA-8D3F-3C487CF7AC12}.AppStore|iPhoneSimulator.ActiveCfg = AppStore|iPhoneSimulator
		{69BFDD5D-3DC1-49EA-8D3F-3C487CF7AC12}.AppStore|iPhoneSimulator.Build.0 = AppStore|iPhoneSimulator
		{69BFDD5D-3DC1-49EA-8D3F-3C487CF7AC12}.AppStore|iPhoneSimulator.Deploy.0 = AppStore|iPhoneSimulator
		{69BFDD5D-3DC1-49EA-8D3F-3C487CF7AC12}.AppStore|x64.ActiveCfg = AppStore|iPhone
		{69BFDD5D-3DC1-49EA-8D3F-3C487CF7AC12}.AppStore|x64.Build.0 = AppStore|iPhone
		{69BFDD5D-3DC1-49EA-8D3F-3C487CF7AC12}.AppStore|x64.Deploy.0 = AppStore|iPhone
		{69BFDD5D-3DC1-49EA-8D3F-3C487CF7AC12}.AppStore|x86.ActiveCfg = AppStore|iPhone
		{69BFDD5D-3DC1-49EA-8D3F-3C487CF7AC12}.AppStore|x86.Build.0 = AppStore|iPhone
		{69BFDD5D-3DC1-49EA-8D3F-3C487CF7AC12}.AppStore|x86.Deploy.0 = AppStore|iPhone
		{69BFDD5D-3DC1-49EA-8D3F-3C487CF7AC12}.Debug|Any CPU.ActiveCfg = Debug|iPhoneSimulator
		{69BFDD5D-3DC1-49EA-8D3F-3C487CF7AC12}.Debug|Any CPU.Build.0 = Debug|iPhoneSimulator
		{69BFDD5D-3DC1-49EA-8D3F-3C487CF7AC12}.Debug|Any CPU.Deploy.0 = Debug|iPhoneSimulator
		{69BFDD5D-3DC1-49EA-8D3F-3C487CF7AC12}.Debug|ARM.ActiveCfg = Debug|iPhone
		{69BFDD5D-3DC1-49EA-8D3F-3C487CF7AC12}.Debug|ARM.Build.0 = Debug|iPhone
		{69BFDD5D-3DC1-49EA-8D3F-3C487CF7AC12}.Debug|ARM.Deploy.0 = Debug|iPhone
		{69BFDD5D-3DC1-49EA-8D3F-3C487CF7AC12}.Debug|iPhone.ActiveCfg = Debug|iPhone
		{69BFDD5D-3DC1-49EA-8D3F-3C487CF7AC12}.Debug|iPhone.Build.0 = Debug|iPhone
		{69BFDD5D-3DC1-49EA-8D3F-3C487CF7AC12}.Debug|iPhone.Deploy.0 = Debug|iPhone
		{69BFDD5D-3DC1-49EA-8D3F-3C487CF7AC12}.Debug|iPhoneSimulator.ActiveCfg = Debug|iPhoneSimulator
		{69BFDD5D-3DC1-49EA-8D3F-3C487CF7AC12}.Debug|iPhoneSimulator.Build.0 = Debug|iPhoneSimulator
		{69BFDD5D-3DC1-49EA-8D3F-3C487CF7AC12}.Debug|iPhoneSimulator.Deploy.0 = Debug|iPhoneSimulator
		{69BFDD5D-3DC1-49EA-8D3F-3C487CF7AC12}.Debug|x64.ActiveCfg = Debug|iPhone
		{69BFDD5D-3DC1-49EA-8D3F-3C487CF7AC12}.Debug|x64.Build.0 = Debug|iPhone
		{69BFDD5D-3DC1-49EA-8D3F-3C487CF7AC12}.Debug|x64.Deploy.0 = Debug|iPhone
		{69BFDD5D-3DC1-49EA-8D3F-3C487CF7AC12}.Debug|x86.ActiveCfg = Debug|iPhone
		{69BFDD5D-3DC1-49EA-8D3F-3C487CF7AC12}.Debug|x86.Build.0 = Debug|iPhone
		{69BFDD5D-3DC1-49EA-8D3F-3C487CF7AC12}.Debug|x86.Deploy.0 = Debug|iPhone
		{69BFDD5D-3DC1-49EA-8D3F-3C487CF7AC12}.Release|Any CPU.ActiveCfg = Release|iPhone
		{69BFDD5D-3DC1-49EA-8D3F-3C487CF7AC12}.Release|Any CPU.Build.0 = Release|iPhone
		{69BFDD5D-3DC1-49EA-8D3F-3C487CF7AC12}.Release|Any CPU.Deploy.0 = Release|iPhone
		{69BFDD5D-3DC1-49EA-8D3F-3C487CF7AC12}.Release|ARM.ActiveCfg = Release|iPhone
		{69BFDD5D-3DC1-49EA-8D3F-3C487CF7AC12}.Release|ARM.Build.0 = Release|iPhone
		{69BFDD5D-3DC1-49EA-8D3F-3C487CF7AC12}.Release|ARM.Deploy.0 = Release|iPhone
		{69BFDD5D-3DC1-49EA-8D3F-3C487CF7AC12}.Release|iPhone.ActiveCfg = Release|iPhone
		{69BFDD5D-3DC1-49EA-8D3F-3C487CF7AC12}.Release|iPhone.Build.0 = Release|iPhone
		{69BFDD5D-3DC1-49EA-8D3F-3C487CF7AC12}.Release|iPhone.Deploy.0 = Release|iPhone
		{69BFDD5D-3DC1-49EA-8D3F-3C487CF7AC12}.Release|iPhoneSimulator.ActiveCfg = Release|iPhoneSimulator
		{69BFDD5D-3DC1-49EA-8D3F-3C487CF7AC12}.Release|iPhoneSimulator.Build.0 = Release|iPhoneSimulator
		{69BFDD5D-3DC1-49EA-8D3F-3C487CF7AC12}.Release|iPhoneSimulator.Deploy.0 = Release|iPhoneSimulator
		{69BFDD5D-3DC1-49EA-8D3F-3C487CF7AC12}.Release|x64.ActiveCfg = Release|iPhone
		{69BFDD5D-3DC1-49EA-8D3F-3C487CF7AC12}.Release|x64.Build.0 = Release|iPhone
		{69BFDD5D-3DC1-49EA-8D3F-3C487CF7AC12}.Release|x64.Deploy.0 = Release|iPhone
		{69BFDD5D-3DC1-49EA-8D3F-3C487CF7AC12}.Release|x86.ActiveCfg = Release|iPhone
		{69BFDD5D-3DC1-49EA-8D3F-3C487CF7AC12}.Release|x86.Build.0 = Release|iPhone
		{69BFDD5D-3DC1-49EA-8D3F-3C487CF7AC12}.Release|x86.Deploy.0 = Release|iPhone
		{B981E067-94FB-43B6-B746-255FB8EA1E39}.Ad-Hoc|Any CPU.ActiveCfg = Release|x86
		{B981E067-94FB-43B6-B746-255FB8EA1E39}.Ad-Hoc|Any CPU.Build.0 = Release|x86
		{B981E067-94FB-43B6-B746-255FB8EA1E39}.Ad-Hoc|Any CPU.Deploy.0 = Release|x86
		{B981E067-94FB-43B6-B746-255FB8EA1E39}.Ad-Hoc|ARM.ActiveCfg = Release|ARM
		{B981E067-94FB-43B6-B746-255FB8EA1E39}.Ad-Hoc|ARM.Build.0 = Release|ARM
		{B981E067-94FB-43B6-B746-255FB8EA1E39}.Ad-Hoc|ARM.Deploy.0 = Release|ARM
		{B981E067-94FB-43B6-B746-255FB8EA1E39}.Ad-Hoc|iPhone.ActiveCfg = Release|x86
		{B981E067-94FB-43B6-B746-255FB8EA1E39}.Ad-Hoc|iPhone.Build.0 = Release|x86
		{B981E067-94FB-43B6-B746-255FB8EA1E39}.Ad-Hoc|iPhone.Deploy.0 = Release|x86
		{B981E067-94FB-43B6-B746-255FB8EA1E39}.Ad-Hoc|iPhoneSimulator.ActiveCfg = Release|x86
		{B981E067-94FB-43B6-B746-255FB8EA1E39}.Ad-Hoc|iPhoneSimulator.Build.0 = Release|x86
		{B981E067-94FB-43B6-B746-255FB8EA1E39}.Ad-Hoc|iPhoneSimulator.Deploy.0 = Release|x86
		{B981E067-94FB-43B6-B746-255FB8EA1E39}.Ad-Hoc|x64.ActiveCfg = Release|x64
		{B981E067-94FB-43B6-B746-255FB8EA1E39}.Ad-Hoc|x64.Build.0 = Release|x64
		{B981E067-94FB-43B6-B746-255FB8EA1E39}.Ad-Hoc|x64.Deploy.0 = Release|x64
		{B981E067-94FB-43B6-B746-255FB8EA1E39}.Ad-Hoc|x86.ActiveCfg = Release|x86
		{B981E067-94FB-43B6-B746-255FB8EA1E39}.Ad-Hoc|x86.Build.0 = Release|x86
		{B981E067-94FB-43B6-B746-255FB8EA1E39}.Ad-Hoc|x86.Deploy.0 = Release|x86
		{B981E067-94FB-43B6-B746-255FB8EA1E39}.AppStore|Any CPU.ActiveCfg = Release|x86
		{B981E067-94FB-43B6-B746-255FB8EA1E39}.AppStore|Any CPU.Build.0 = Release|x86
		{B981E067-94FB-43B6-B746-255FB8EA1E39}.AppStore|Any CPU.Deploy.0 = Release|x86
		{B981E067-94FB-43B6-B746-255FB8EA1E39}.AppStore|ARM.ActiveCfg = Release|ARM
		{B981E067-94FB-43B6-B746-255FB8EA1E39}.AppStore|ARM.Build.0 = Release|ARM
		{B981E067-94FB-43B6-B746-255FB8EA1E39}.AppStore|ARM.Deploy.0 = Release|ARM
		{B981E067-94FB-43B6-B746-255FB8EA1E39}.AppStore|iPhone.ActiveCfg = Release|x86
		{B981E067-94FB-43B6-B746-255FB8EA1E39}.AppStore|iPhone.Build.0 = Release|x86
		{B981E067-94FB-43B6-B746-255FB8EA1E39}.AppStore|iPhone.Deploy.0 = Release|x86
		{B981E067-94FB-43B6-B746-255FB8EA1E39}.AppStore|iPhoneSimulator.ActiveCfg = Release|x86
		{B981E067-94FB-43B6-B746-255FB8EA1E39}.AppStore|iPhoneSimulator.Build.0 = Release|x86
		{B981E067-94FB-43B6-B746-255FB8EA1E39}.AppStore|iPhoneSimulator.Deploy.0 = Release|x86
		{B981E067-94FB-43B6-B746-255FB8EA1E39}.AppStore|x64.ActiveCfg = Release|x64
		{B981E067-94FB-43B6-B746-255FB8EA1E39}.AppStore|x64.Build.0 = Release|x64
		{B981E067-94FB-43B6-B746-255FB8EA1E39}.AppStore|x64.Deploy.0 = Release|x64
		{B981E067-94FB-43B6-B746-255FB8EA1E39}.AppStore|x86.ActiveCfg = Release|x86
		{B981E067-94FB-43B6-B746-255FB8EA1E39}.AppStore|x86.Build.0 = Release|x86
		{B981E067-94FB-43B6-B746-255FB8EA1E39}.AppStore|x86.Deploy.0 = Release|x86
		{B981E067-94FB-43B6-B746-255FB8EA1E39}.Debug|Any CPU.ActiveCfg = Debug|x86
		{B981E067-94FB-43B6-B746-255FB8EA1E39}.Debug|Any CPU.Build.0 = Debug|x86
		{B981E067-94FB-43B6-B746-255FB8EA1E39}.Debug|Any CPU.Deploy.0 = Debug|x86
		{B981E067-94FB-43B6-B746-255FB8EA1E39}.Debug|ARM.ActiveCfg = Debug|ARM
		{B981E067-94FB-43B6-B746-255FB8EA1E39}.Debug|ARM.Build.0 = Debug|ARM
		{B981E067-94FB-43B6-B746-255FB8EA1E39}.Debug|ARM.Deploy.0 = Debug|ARM
		{B981E067-94FB-43B6-B746-255FB8EA1E39}.Debug|iPhone.ActiveCfg = Debug|x86
		{B981E067-94FB-43B6-B746-255FB8EA1E39}.Debug|iPhone.Build.0 = Debug|x86
		{B981E067-94FB-43B6-B746-255FB8EA1E39}.Debug|iPhone.Deploy.0 = Debug|x86
		{B981E067-94FB-43B6-B746-255FB8EA1E39}.Debug|iPhoneSimulator.ActiveCfg = Debug|x86
		{B981E067-94FB-43B6-B746-255FB8EA1E39}.Debug|iPhoneSimulator.Build.0 = Debug|x86
		{B981E067-94FB-43B6-B746-255FB8EA1E39}.Debug|iPhoneSimulator.Deploy.0 = Debug|x86
		{B981E067-94FB-43B6-B746-255FB8EA1E39}.Debug|x64.ActiveCfg = Debug|x64
		{B981E067-94FB-43B6-B746-255FB8EA1E39}.Debug|x64.Build.0 = Debug|x64
		{B981E067-94FB-43B6-B746-255FB8EA1E39}.Debug|x64.Deploy.0 = Debug|x64
		{B981E067-94FB-43B6-B746-255FB8EA1E39}.Debug|x86.ActiveCfg = Debug|x86
		{B981E067-94FB-43B6-B746-255FB8EA1E39}.Debug|x86.Build.0 = Debug|x86
		{B981E067-94FB-43B6-B746-255FB8EA1E39}.Debug|x86.Deploy.0 = Debug|x86
		{B981E067-94FB-43B6-B746-255FB8EA1E39}.Release|Any CPU.ActiveCfg = Release|x86
		{B981E067-94FB-43B6-B746-255FB8EA1E39}.Release|Any CPU.Build.0 = Release|x86
		{B981E067-94FB-43B6-B746-255FB8EA1E39}.Release|Any CPU.Deploy.0 = Release|x86
		{B981E067-94FB-43B6-B746-255FB8EA1E39}.Release|ARM.ActiveCfg = Release|ARM
		{B981E067-94FB-43B6-B746-255FB8EA1E39}.Release|ARM.Build.0 = Release|ARM
		{B981E067-94FB-43B6-B746-255FB8EA1E39}.Release|ARM.Deploy.0 = Release|ARM
		{B981E067-94FB-43B6-B746-255FB8EA1E39}.Release|iPhone.ActiveCfg = Release|x86
		{B981E067-94FB-43B6-B746-255FB8EA1E39}.Release|iPhone.Build.0 = Release|x86
		{B981E067-94FB-43B6-B746-255FB8EA1E39}.Release|iPhone.Deploy.0 = Release|x86
		{B981E067-94FB-43B6-B746-255FB8EA1E39}.Release|iPhoneSimulator.ActiveCfg = Release|x86
		{B981E067-94FB-43B6-B746-255FB8EA1E39}.Release|iPhoneSimulator.Build.0 = Release|x86
		{B981E067-94FB-43B6-B746-255FB8EA1E39}.Release|iPhoneSimulator.Deploy.0 = Release|x86
		{B981E067-94FB-43B6-B746-255FB8EA1E39}.Release|x64.ActiveCfg = Release|x64
		{B981E067-94FB-43B6-B746-255FB8EA1E39}.Release|x64.Build.0 = Release|x64
		{B981E067-94FB-43B6-B746-255FB8EA1E39}.Release|x64.Deploy.0 = Release|x64
		{B981E067-94FB-43B6-B746-255FB8EA1E39}.Release|x86.ActiveCfg = Release|x86
		{B981E067-94FB-43B6-B746-255FB8EA1E39}.Release|x86.Build.0 = Release|x86
		{B981E067-94FB-43B6-B746-255FB8EA1E39}.Release|x86.Deploy.0 = Release|x86
		{1F3773E9-DBD7-4B3A-A8F3-BD20556AB612}.Ad-Hoc|Any CPU.ActiveCfg = Debug|Any CPU
		{1F3773E9-DBD7-4B3A-A8F3-BD20556AB612}.Ad-Hoc|Any CPU.Build.0 = Debug|Any CPU
		{1F3773E9-DBD7-4B3A-A8F3-BD20556AB612}.Ad-Hoc|Any CPU.Deploy.0 = Debug|Any CPU
		{1F3773E9-DBD7-4B3A-A8F3-BD20556AB612}.Ad-Hoc|ARM.ActiveCfg = Debug|Any CPU
		{1F3773E9-DBD7-4B3A-A8F3-BD20556AB612}.Ad-Hoc|ARM.Build.0 = Debug|Any CPU
		{1F3773E9-DBD7-4B3A-A8F3-BD20556AB612}.Ad-Hoc|ARM.Deploy.0 = Debug|Any CPU
		{1F3773E9-DBD7-4B3A-A8F3-BD20556AB612}.Ad-Hoc|iPhone.ActiveCfg = Debug|Any CPU
		{1F3773E9-DBD7-4B3A-A8F3-BD20556AB612}.Ad-Hoc|iPhone.Build.0 = Debug|Any CPU
		{1F3773E9-DBD7-4B3A-A8F3-BD20556AB612}.Ad-Hoc|iPhone.Deploy.0 = Debug|Any CPU
		{1F3773E9-DBD7-4B3A-A8F3-BD20556AB612}.Ad-Hoc|iPhoneSimulator.ActiveCfg = Debug|Any CPU
		{1F3773E9-DBD7-4B3A-A8F3-BD20556AB612}.Ad-Hoc|iPhoneSimulator.Build.0 = Debug|Any CPU
		{1F3773E9-DBD7-4B3A-A8F3-BD20556AB612}.Ad-Hoc|iPhoneSimulator.Deploy.0 = Debug|Any CPU
		{1F3773E9-DBD7-4B3A-A8F3-BD20556AB612}.Ad-Hoc|x64.ActiveCfg = Debug|Any CPU
		{1F3773E9-DBD7-4B3A-A8F3-BD20556AB612}.Ad-Hoc|x64.Build.0 = Debug|Any CPU
		{1F3773E9-DBD7-4B3A-A8F3-BD20556AB612}.Ad-Hoc|x64.Deploy.0 = Debug|Any CPU
		{1F3773E9-DBD7-4B3A-A8F3-BD20556AB612}.Ad-Hoc|x86.ActiveCfg = Debug|Any CPU
		{1F3773E9-DBD7-4B3A-A8F3-BD20556AB612}.Ad-Hoc|x86.Build.0 = Debug|Any CPU
		{1F3773E9-DBD7-4B3A-A8F3-BD20556AB612}.Ad-Hoc|x86.Deploy.0 = Debug|Any CPU
		{1F3773E9-DBD7-4B3A-A8F3-BD20556AB612}.AppStore|Any CPU.ActiveCfg = Debug|Any CPU
		{1F3773E9-DBD7-4B3A-A8F3-BD20556AB612}.AppStore|Any CPU.Build.0 = Debug|Any CPU
		{1F3773E9-DBD7-4B3A-A8F3-BD20556AB612}.AppStore|Any CPU.Deploy.0 = Debug|Any CPU
		{1F3773E9-DBD7-4B3A-A8F3-BD20556AB612}.AppStore|ARM.ActiveCfg = Debug|Any CPU
		{1F3773E9-DBD7-4B3A-A8F3-BD20556AB612}.AppStore|ARM.Build.0 = Debug|Any CPU
		{1F3773E9-DBD7-4B3A-A8F3-BD20556AB612}.AppStore|ARM.Deploy.0 = Debug|Any CPU
		{1F3773E9-DBD7-4B3A-A8F3-BD20556AB612}.AppStore|iPhone.ActiveCfg = Debug|Any CPU
		{1F3773E9-DBD7-4B3A-A8F3-BD20556AB612}.AppStore|iPhone.Build.0 = Debug|Any CPU
		{1F3773E9-DBD7-4B3A-A8F3-BD20556AB612}.AppStore|iPhone.Deploy.0 = Debug|Any CPU
		{1F3773E9-DBD7-4B3A-A8F3-BD20556AB612}.AppStore|iPhoneSimulator.ActiveCfg = Debug|Any CPU
		{1F3773E9-DBD7-4B3A-A8F3-BD20556AB612}.AppStore|iPhoneSimulator.Build.0 = Debug|Any CPU
		{1F3773E9-DBD7-4B3A-A8F3-BD20556AB612}.AppStore|iPhoneSimulator.Deploy.0 = Debug|Any CPU
		{1F3773E9-DBD7-4B3A-A8F3-BD20556AB612}.AppStore|x64.ActiveCfg = Debug|Any CPU
		{1F3773E9-DBD7-4B3A-A8F3-BD20556AB612}.AppStore|x64.Build.0 = Debug|Any CPU
		{1F3773E9-DBD7-4B3A-A8F3-BD20556AB612}.AppStore|x64.Deploy.0 = Debug|Any CPU
		{1F3773E9-DBD7-4B3A-A8F3-BD20556AB612}.AppStore|x86.ActiveCfg = Debug|Any CPU
		{1F3773E9-DBD7-4B3A-A8F3-BD20556AB612}.AppStore|x86.Build.0 = Debug|Any CPU
		{1F3773E9-DBD7-4B3A-A8F3-BD20556AB612}.AppStore|x86.Deploy.0 = Debug|Any CPU
		{1F3773E9-DBD7-4B3A-A8F3-BD20556AB612}.Debug|Any CPU.ActiveCfg = Debug|Any CPU
		{1F3773E9-DBD7-4B3A-A8F3-BD20556AB612}.Debug|Any CPU.Build.0 = Debug|Any CPU
		{1F3773E9-DBD7-4B3A-A8F3-BD20556AB612}.Debug|Any CPU.Deploy.0 = Debug|Any CPU
		{1F3773E9-DBD7-4B3A-A8F3-BD20556AB612}.Debug|ARM.ActiveCfg = Debug|Any CPU
		{1F3773E9-DBD7-4B3A-A8F3-BD20556AB612}.Debug|ARM.Build.0 = Debug|Any CPU
		{1F3773E9-DBD7-4B3A-A8F3-BD20556AB612}.Debug|ARM.Deploy.0 = Debug|Any CPU
		{1F3773E9-DBD7-4B3A-A8F3-BD20556AB612}.Debug|iPhone.ActiveCfg = Debug|Any CPU
		{1F3773E9-DBD7-4B3A-A8F3-BD20556AB612}.Debug|iPhone.Build.0 = Debug|Any CPU
		{1F3773E9-DBD7-4B3A-A8F3-BD20556AB612}.Debug|iPhone.Deploy.0 = Debug|Any CPU
		{1F3773E9-DBD7-4B3A-A8F3-BD20556AB612}.Debug|iPhoneSimulator.ActiveCfg = Debug|Any CPU
		{1F3773E9-DBD7-4B3A-A8F3-BD20556AB612}.Debug|iPhoneSimulator.Build.0 = Debug|Any CPU
		{1F3773E9-DBD7-4B3A-A8F3-BD20556AB612}.Debug|iPhoneSimulator.Deploy.0 = Debug|Any CPU
		{1F3773E9-DBD7-4B3A-A8F3-BD20556AB612}.Debug|x64.ActiveCfg = Debug|Any CPU
		{1F3773E9-DBD7-4B3A-A8F3-BD20556AB612}.Debug|x64.Build.0 = Debug|Any CPU
		{1F3773E9-DBD7-4B3A-A8F3-BD20556AB612}.Debug|x64.Deploy.0 = Debug|Any CPU
		{1F3773E9-DBD7-4B3A-A8F3-BD20556AB612}.Debug|x86.ActiveCfg = Debug|Any CPU
		{1F3773E9-DBD7-4B3A-A8F3-BD20556AB612}.Debug|x86.Build.0 = Debug|Any CPU
		{1F3773E9-DBD7-4B3A-A8F3-BD20556AB612}.Debug|x86.Deploy.0 = Debug|Any CPU
		{1F3773E9-DBD7-4B3A-A8F3-BD20556AB612}.Release|Any CPU.ActiveCfg = Release|Any CPU
		{1F3773E9-DBD7-4B3A-A8F3-BD20556AB612}.Release|Any CPU.Build.0 = Release|Any CPU
		{1F3773E9-DBD7-4B3A-A8F3-BD20556AB612}.Release|Any CPU.Deploy.0 = Release|Any CPU
		{1F3773E9-DBD7-4B3A-A8F3-BD20556AB612}.Release|ARM.ActiveCfg = Release|Any CPU
		{1F3773E9-DBD7-4B3A-A8F3-BD20556AB612}.Release|ARM.Build.0 = Release|Any CPU
		{1F3773E9-DBD7-4B3A-A8F3-BD20556AB612}.Release|ARM.Deploy.0 = Release|Any CPU
		{1F3773E9-DBD7-4B3A-A8F3-BD20556AB612}.Release|iPhone.ActiveCfg = Release|Any CPU
		{1F3773E9-DBD7-4B3A-A8F3-BD20556AB612}.Release|iPhone.Build.0 = Release|Any CPU
		{1F3773E9-DBD7-4B3A-A8F3-BD20556AB612}.Release|iPhone.Deploy.0 = Release|Any CPU
		{1F3773E9-DBD7-4B3A-A8F3-BD20556AB612}.Release|iPhoneSimulator.ActiveCfg = Release|Any CPU
		{1F3773E9-DBD7-4B3A-A8F3-BD20556AB612}.Release|iPhoneSimulator.Build.0 = Release|Any CPU
		{1F3773E9-DBD7-4B3A-A8F3-BD20556AB612}.Release|iPhoneSimulator.Deploy.0 = Release|Any CPU
		{1F3773E9-DBD7-4B3A-A8F3-BD20556AB612}.Release|x64.ActiveCfg = Release|Any CPU
		{1F3773E9-DBD7-4B3A-A8F3-BD20556AB612}.Release|x64.Build.0 = Release|Any CPU
		{1F3773E9-DBD7-4B3A-A8F3-BD20556AB612}.Release|x64.Deploy.0 = Release|Any CPU
		{1F3773E9-DBD7-4B3A-A8F3-BD20556AB612}.Release|x86.ActiveCfg = Release|Any CPU
		{1F3773E9-DBD7-4B3A-A8F3-BD20556AB612}.Release|x86.Build.0 = Release|Any CPU
		{1F3773E9-DBD7-4B3A-A8F3-BD20556AB612}.Release|x86.Deploy.0 = Release|Any CPU
	EndGlobalSection
	GlobalSection(SolutionProperties) = preSolution
		HideSolutionNode = FALSE
	EndGlobalSection
	GlobalSection(ExtensibilityGlobals) = postSolution
		SolutionGuid = {506B3802-BF16-4A55-8D6A-C9534C6987F4}
	EndGlobalSection
EndGlobal
